
Microsoft Visual Studio Solution File, Format Version 12.00
# Visual Studio Version 16
VisualStudioVersion = 16.0.30204.135
MinimumVisualStudioVersion = 10.0.40219.1
Project("{FAE04EC0-301F-11D3-BF4B-00C04F79EFBC}") = "RenderExcel", "RenderExcel\RenderExcel.csproj", "{936E9D19-68FA-4E5C-AA70-91EB312F261A}"
EndProject
Global
	GlobalSection(SolutionConfigurationPlatforms) = preSolution
		Debug|Any CPU = Debug|Any CPU
		Release|Any CPU = Release|Any CPU
	EndGlobalSection
	GlobalSection(ProjectConfigurationPlatforms) = postSolution
		{936E9D19-68FA-4E5C-AA70-91EB312F261A}.Debug|Any CPU.ActiveCfg = Debug|Any CPU
		{936E9D19-68FA-4E5C-AA70-91EB312F261A}.Debug|Any CPU.Build.0 = Debug|Any CPU
		{936E9D19-68FA-4E5C-AA70-91EB312F261A}.Release|Any CPU.ActiveCfg = Release|Any CPU
		{936E9D19-68FA-4E5C-AA70-91EB312F261A}.Release|Any CPU.Build.0 = Release|Any CPU
	EndGlobalSection
	GlobalSection(SolutionProperties) = preSolution
		HideSolutionNode = FALSE
	EndGlobalSection
	GlobalSection(ExtensibilityGlobals) = postSolution
		SolutionGuid = {A29F0641-25FF-4A57-AC61-F29FE800517F}
	EndGlobalSection
EndGlobal
